// !$*UTF8*$!
{
	archiveVersion = 1;
	classes = {
	};
	objectVersion = 46;
	objects = {

/* Begin PBXBuildFile section */
		23084F751838716B00F79501 /* Foundation.framework in Frameworks */ = {isa = PBXBuildFile; fileRef = 23084F741838716B00F79501 /* Foundation.framework */; };
		23084F771838716B00F79501 /* CoreGraphics.framework in Frameworks */ = {isa = PBXBuildFile; fileRef = 23084F761838716B00F79501 /* CoreGraphics.framework */; };
		23084F791838716B00F79501 /* UIKit.framework in Frameworks */ = {isa = PBXBuildFile; fileRef = 23084F781838716B00F79501 /* UIKit.framework */; };
		23084F7B1838716B00F79501 /* CoreData.framework in Frameworks */ = {isa = PBXBuildFile; fileRef = 23084F7A1838716B00F79501 /* CoreData.framework */; };
		23084F811838716B00F79501 /* InfoPlist.strings in Resources */ = {isa = PBXBuildFile; fileRef = 23084F7F1838716B00F79501 /* InfoPlist.strings */; };
		23084F831838716B00F79501 /* main.m in Sources */ = {isa = PBXBuildFile; fileRef = 23084F821838716B00F79501 /* main.m */; };
		23084F871838716B00F79501 /* TPAppDelegate.m in Sources */ = {isa = PBXBuildFile; fileRef = 23084F861838716B00F79501 /* TPAppDelegate.m */; };
		23084F8A1838716B00F79501 /* travelphoto.xcdatamodeld in Sources */ = {isa = PBXBuildFile; fileRef = 23084F881838716B00F79501 /* travelphoto.xcdatamodeld */; };
		23084F8C1838716B00F79501 /* Images.xcassets in Resources */ = {isa = PBXBuildFile; fileRef = 23084F8B1838716B00F79501 /* Images.xcassets */; };
		23084F931838716B00F79501 /* XCTest.framework in Frameworks */ = {isa = PBXBuildFile; fileRef = 23084F921838716B00F79501 /* XCTest.framework */; };
		23084F941838716B00F79501 /* Foundation.framework in Frameworks */ = {isa = PBXBuildFile; fileRef = 23084F741838716B00F79501 /* Foundation.framework */; };
		23084F951838716B00F79501 /* UIKit.framework in Frameworks */ = {isa = PBXBuildFile; fileRef = 23084F781838716B00F79501 /* UIKit.framework */; };
		23084F961838716B00F79501 /* CoreData.framework in Frameworks */ = {isa = PBXBuildFile; fileRef = 23084F7A1838716B00F79501 /* CoreData.framework */; };
		23084F9E1838716B00F79501 /* InfoPlist.strings in Resources */ = {isa = PBXBuildFile; fileRef = 23084F9C1838716B00F79501 /* InfoPlist.strings */; };
		23084FA01838716B00F79501 /* travelphotoTests.m in Sources */ = {isa = PBXBuildFile; fileRef = 23084F9F1838716B00F79501 /* travelphotoTests.m */; };
/* End PBXBuildFile section */

/* Begin PBXContainerItemProxy section */
		23084F971838716B00F79501 /* PBXContainerItemProxy */ = {
			isa = PBXContainerItemProxy;
			containerPortal = 23084F691838716B00F79501 /* Project object */;
			proxyType = 1;
			remoteGlobalIDString = 23084F701838716B00F79501;
			remoteInfo = travelphoto;
		};
/* End PBXContainerItemProxy section */

/* Begin PBXFileReference section */
		23084F711838716B00F79501 /* travelphoto.app */ = {isa = PBXFileReference; explicitFileType = wrapper.application; includeInIndex = 0; path = travelphoto.app; sourceTree = BUILT_PRODUCTS_DIR; };
		23084F741838716B00F79501 /* Foundation.framework */ = {isa = PBXFileReference; lastKnownFileType = wrapper.framework; name = Foundation.framework; path = System/Library/Frameworks/Foundation.framework; sourceTree = SDKROOT; };
		23084F761838716B00F79501 /* CoreGraphics.framework */ = {isa = PBXFileReference; lastKnownFileType = wrapper.framework; name = CoreGraphics.framework; path = System/Library/Frameworks/CoreGraphics.framework; sourceTree = SDKROOT; };
		23084F781838716B00F79501 /* UIKit.framework */ = {isa = PBXFileReference; lastKnownFileType = wrapper.framework; name = UIKit.framework; path = System/Library/Frameworks/UIKit.framework; sourceTree = SDKROOT; };
		23084F7A1838716B00F79501 /* CoreData.framework */ = {isa = PBXFileReference; lastKnownFileType = wrapper.framework; name = CoreData.framework; path = System/Library/Frameworks/CoreData.framework; sourceTree = SDKROOT; };
		23084F7E1838716B00F79501 /* travelphoto-Info.plist */ = {isa = PBXFileReference; lastKnownFileType = text.plist.xml; path = "travelphoto-Info.plist"; sourceTree = "<group>"; };
		23084F801838716B00F79501 /* en */ = {isa = PBXFileReference; lastKnownFileType = text.plist.strings; name = en; path = en.lproj/InfoPlist.strings; sourceTree = "<group>"; };
		23084F821838716B00F79501 /* main.m */ = {isa = PBXFileReference; lastKnownFileType = sourcecode.c.objc; path = main.m; sourceTree = "<group>"; };
		23084F841838716B00F79501 /* travelphoto-Prefix.pch */ = {isa = PBXFileReference; lastKnownFileType = sourcecode.c.h; path = "travelphoto-Prefix.pch"; sourceTree = "<group>"; };
		23084F851838716B00F79501 /* TPAppDelegate.h */ = {isa = PBXFileReference; lastKnownFileType = sourcecode.c.h; path = TPAppDelegate.h; sourceTree = "<group>"; };
		23084F861838716B00F79501 /* TPAppDelegate.m */ = {isa = PBXFileReference; lastKnownFileType = sourcecode.c.objc; path = TPAppDelegate.m; sourceTree = "<group>"; };
		23084F891838716B00F79501 /* travelphoto.xcdatamodel */ = {isa = PBXFileReference; lastKnownFileType = wrapper.xcdatamodel; path = travelphoto.xcdatamodel; sourceTree = "<group>"; };
		23084F8B1838716B00F79501 /* Images.xcassets */ = {isa = PBXFileReference; lastKnownFileType = folder.assetcatalog; path = Images.xcassets; sourceTree = "<group>"; };
		23084F911838716B00F79501 /* travelphotoTests.xctest */ = {isa = PBXFileReference; explicitFileType = wrapper.cfbundle; includeInIndex = 0; path = travelphotoTests.xctest; sourceTree = BUILT_PRODUCTS_DIR; };
		23084F921838716B00F79501 /* XCTest.framework */ = {isa = PBXFileReference; lastKnownFileType = wrapper.framework; name = XCTest.framework; path = Library/Frameworks/XCTest.framework; sourceTree = DEVELOPER_DIR; };
		23084F9B1838716B00F79501 /* travelphotoTests-Info.plist */ = {isa = PBXFileReference; lastKnownFileType = text.plist.xml; path = "travelphotoTests-Info.plist"; sourceTree = "<group>"; };
		23084F9D1838716B00F79501 /* en */ = {isa = PBXFileReference; lastKnownFileType = text.plist.strings; name = en; path = en.lproj/InfoPlist.strings; sourceTree = "<group>"; };
		23084F9F1838716B00F79501 /* travelphotoTests.m */ = {isa = PBXFileReference; lastKnownFileType = sourcecode.c.objc; path = travelphotoTests.m; sourceTree = "<group>"; };
/* End PBXFileReference section */

/* Begin PBXFrameworksBuildPhase section */
		23084F6E1838716B00F79501 /* Frameworks */ = {
			isa = PBXFrameworksBuildPhase;
			buildActionMask = 2147483647;
			files = (
				23084F771838716B00F79501 /* CoreGraphics.framework in Frameworks */,
				23084F7B1838716B00F79501 /* CoreData.framework in Frameworks */,
				23084F791838716B00F79501 /* UIKit.framework in Frameworks */,
				23084F751838716B00F79501 /* Foundation.framework in Frameworks */,
			);
			runOnlyForDeploymentPostprocessing = 0;
		};
		23084F8E1838716B00F79501 /* Frameworks */ = {
			isa = PBXFrameworksBuildPhase;
			buildActionMask = 2147483647;
			files = (
				23084F931838716B00F79501 /* XCTest.framework in Frameworks */,
				23084F961838716B00F79501 /* CoreData.framework in Frameworks */,
				23084F951838716B00F79501 /* UIKit.framework in Frameworks */,
				23084F941838716B00F79501 /* Foundation.framework in Frameworks */,
			);
			runOnlyForDeploymentPostprocessing = 0;
		};
/* End PBXFrameworksBuildPhase section */

/* Begin PBXGroup section */
		23084F681838716B00F79501 = {
			isa = PBXGroup;
			children = (
				23084F7C1838716B00F79501 /* travelphoto */,
				23084F991838716B00F79501 /* travelphotoTests */,
				23084F731838716B00F79501 /* Frameworks */,
				23084F721838716B00F79501 /* Products */,
			);
			sourceTree = "<group>";
		};
		23084F721838716B00F79501 /* Products */ = {
			isa = PBXGroup;
			children = (
				23084F711838716B00F79501 /* travelphoto.app */,
				23084F911838716B00F79501 /* travelphotoTests.xctest */,
			);
			name = Products;
			sourceTree = "<group>";
		};
		23084F731838716B00F79501 /* Frameworks */ = {
			isa = PBXGroup;
			children = (
				23084F741838716B00F79501 /* Foundation.framework */,
				23084F761838716B00F79501 /* CoreGraphics.framework */,
				23084F781838716B00F79501 /* UIKit.framework */,
				23084F7A1838716B00F79501 /* CoreData.framework */,
				23084F921838716B00F79501 /* XCTest.framework */,
			);
			name = Frameworks;
			sourceTree = "<group>";
		};
		23084F7C1838716B00F79501 /* travelphoto */ = {
			isa = PBXGroup;
			children = (
				23084F851838716B00F79501 /* TPAppDelegate.h */,
				23084F861838716B00F79501 /* TPAppDelegate.m */,
				23084F8B1838716B00F79501 /* Images.xcassets */,
				23084F881838716B00F79501 /* travelphoto.xcdatamodeld */,
				23084F7D1838716B00F79501 /* Supporting Files */,
			);
			path = travelphoto;
			sourceTree = "<group>";
		};
		23084F7D1838716B00F79501 /* Supporting Files */ = {
			isa = PBXGroup;
			children = (
				23084F7E1838716B00F79501 /* travelphoto-Info.plist */,
				23084F7F1838716B00F79501 /* InfoPlist.strings */,
				23084F821838716B00F79501 /* main.m */,
				23084F841838716B00F79501 /* travelphoto-Prefix.pch */,
			);
			name = "Supporting Files";
			sourceTree = "<group>";
		};
		23084F991838716B00F79501 /* travelphotoTests */ = {
			isa = PBXGroup;
			children = (
				23084F9F1838716B00F79501 /* travelphotoTests.m */,
				23084F9A1838716B00F79501 /* Supporting Files */,
			);
			path = travelphotoTests;
			sourceTree = "<group>";
		};
		23084F9A1838716B00F79501 /* Supporting Files */ = {
			isa = PBXGroup;
			children = (
				23084F9B1838716B00F79501 /* travelphotoTests-Info.plist */,
				23084F9C1838716B00F79501 /* InfoPlist.strings */,
			);
			name = "Supporting Files";
			sourceTree = "<group>";
		};
/* End PBXGroup section */

/* Begin PBXNativeTarget section */
		23084F701838716B00F79501 /* travelphoto */ = {
			isa = PBXNativeTarget;
			buildConfigurationList = 23084FA31838716B00F79501 /* Build configuration list for PBXNativeTarget "travelphoto" */;
			buildPhases = (
				23084F6D1838716B00F79501 /* Sources */,
				23084F6E1838716B00F79501 /* Frameworks */,
				23084F6F1838716B00F79501 /* Resources */,
			);
			buildRules = (
			);
			dependencies = (
			);
			name = travelphoto;
			productName = travelphoto;
			productReference = 23084F711838716B00F79501 /* travelphoto.app */;
			productType = "com.apple.product-type.application";
		};
		23084F901838716B00F79501 /* travelphotoTests */ = {
			isa = PBXNativeTarget;
			buildConfigurationList = 23084FA61838716B00F79501 /* Build configuration list for PBXNativeTarget "travelphotoTests" */;
			buildPhases = (
				23084F8D1838716B00F79501 /* Sources */,
				23084F8E1838716B00F79501 /* Frameworks */,
				23084F8F1838716B00F79501 /* Resources */,
			);
			buildRules = (
			);
			dependencies = (
				23084F981838716B00F79501 /* PBXTargetDependency */,
			);
			name = travelphotoTests;
			productName = travelphotoTests;
			productReference = 23084F911838716B00F79501 /* travelphotoTests.xctest */;
			productType = "com.apple.product-type.bundle.unit-test";
		};
/* End PBXNativeTarget section */

/* Begin PBXProject section */
		23084F691838716B00F79501 /* Project object */ = {
			isa = PBXProject;
			attributes = {
				CLASSPREFIX = TP;
				LastUpgradeCheck = 0500;
				ORGANIZATIONNAME = shinriyo;
				TargetAttributes = {
					23084F901838716B00F79501 = {
						TestTargetID = 23084F701838716B00F79501;
					};
				};
			};
			buildConfigurationList = 23084F6C1838716B00F79501 /* Build configuration list for PBXProject "travelphoto" */;
			compatibilityVersion = "Xcode 3.2";
			developmentRegion = English;
			hasScannedForEncodings = 0;
			knownRegions = (
				en,
			);
			mainGroup = 23084F681838716B00F79501;
			productRefGroup = 23084F721838716B00F79501 /* Products */;
			projectDirPath = "";
			projectRoot = "";
			targets = (
				23084F701838716B00F79501 /* travelphoto */,
				23084F901838716B00F79501 /* travelphotoTests */,
			);
		};
/* End PBXProject section */

/* Begin PBXResourcesBuildPhase section */
		23084F6F1838716B00F79501 /* Resources */ = {
			isa = PBXResourcesBuildPhase;
			buildActionMask = 2147483647;
			files = (
				23084F811838716B00F79501 /* InfoPlist.strings in Resources */,
				23084F8C1838716B00F79501 /* Images.xcassets in Resources */,
			);
			runOnlyForDeploymentPostprocessing = 0;
		};
		23084F8F1838716B00F79501 /* Resources */ = {
			isa = PBXResourcesBuildPhase;
			buildActionMask = 2147483647;
			files = (
				23084F9E1838716B00F79501 /* InfoPlist.strings in Resources */,
			);
			runOnlyForDeploymentPostprocessing = 0;
		};
/* End PBXResourcesBuildPhase section */

/* Begin PBXSourcesBuildPhase section */
		23084F6D1838716B00F79501 /* Sources */ = {
			isa = PBXSourcesBuildPhase;
			buildActionMask = 2147483647;
			files = (
				23084F871838716B00F79501 /* TPAppDelegate.m in Sources */,
				23084F8A1838716B00F79501 /* travelphoto.xcdatamodeld in Sources */,
				23084F831838716B00F79501 /* main.m in Sources */,
			);
			runOnlyForDeploymentPostprocessing = 0;
		};
		23084F8D1838716B00F79501 /* Sources */ = {
			isa = PBXSourcesBuildPhase;
			buildActionMask = 2147483647;
			files = (
				23084FA01838716B00F79501 /* travelphotoTests.m in Sources */,
			);
			runOnlyForDeploymentPostprocessing = 0;
		};
/* End PBXSourcesBuildPhase section */

/* Begin PBXTargetDependency section */
		23084F981838716B00F79501 /* PBXTargetDependency */ = {
			isa = PBXTargetDependency;
			target = 23084F701838716B00F79501 /* travelphoto */;
			targetProxy = 23084F971838716B00F79501 /* PBXContainerItemProxy */;
		};
/* End PBXTargetDependency section */

/* Begin PBXVariantGroup section */
		23084F7F1838716B00F79501 /* InfoPlist.strings */ = {
			isa = PBXVariantGroup;
			children = (
				23084F801838716B00F79501 /* en */,
			);
			name = InfoPlist.strings;
			sourceTree = "<group>";
		};
		23084F9C1838716B00F79501 /* InfoPlist.strings */ = {
			isa = PBXVariantGroup;
			children = (
				23084F9D1838716B00F79501 /* en */,
			);
			name = InfoPlist.strings;
			sourceTree = "<group>";
		};
/* End PBXVariantGroup section */

/* Begin XCBuildConfiguration section */
		23084FA11838716B00F79501 /* Debug */ = {
			isa = XCBuildConfiguration;
			buildSettings = {
				ALWAYS_SEARCH_USER_PATHS = NO;
				ARCHS = "$(ARCHS_STANDARD_INCLUDING_64_BIT)";
				CLANG_CXX_LANGUAGE_STANDARD = "gnu++0x";
				CLANG_CXX_LIBRARY = "libc++";
				CLANG_ENABLE_MODULES = YES;
				CLANG_ENABLE_OBJC_ARC = YES;
				CLANG_WARN_BOOL_CONVERSION = YES;
				CLANG_WARN_CONSTANT_CONVERSION = YES;
				CLANG_WARN_DIRECT_OBJC_ISA_USAGE = YES_ERROR;
				CLANG_WARN_EMPTY_BODY = YES;
				CLANG_WARN_ENUM_CONVERSION = YES;
				CLANG_WARN_INT_CONVERSION = YES;
				CLANG_WARN_OBJC_ROOT_CLASS = YES_ERROR;
				CLANG_WARN__DUPLICATE_METHOD_MATCH = YES;
				"CODE_SIGN_IDENTITY[sdk=iphoneos*]" = "iPhone Developer";
				COPY_PHASE_STRIP = NO;
				GCC_C_LANGUAGE_STANDARD = gnu99;
				GCC_DYNAMIC_NO_PIC = NO;
				GCC_OPTIMIZATION_LEVEL = 0;
				GCC_PREPROCESSOR_DEFINITIONS = (
					"DEBUG=1",
					"$(inherited)",
				);
				GCC_SYMBOLS_PRIVATE_EXTERN = NO;
				GCC_WARN_64_TO_32_BIT_CONVERSION = YES;
				GCC_WARN_ABOUT_RETURN_TYPE = YES_ERROR;
				GCC_WARN_UNDECLARED_SELECTOR = YES;
				GCC_WARN_UNINITIALIZED_AUTOS = YES;
				GCC_WARN_UNUSED_FUNCTION = YES;
				GCC_WARN_UNUSED_VARIABLE = YES;
				IPHONEOS_DEPLOYMENT_TARGET = 7.0;
				ONLY_ACTIVE_ARCH = YES;
				SDKROOT = iphoneos;
			};
			name = Debug;
		};
		23084FA21838716B00F79501 /* Release */ = {
			isa = XCBuildConfiguration;
			buildSettings = {
				ALWAYS_SEARCH_USER_PATHS = NO;
				ARCHS = "$(ARCHS_STANDARD_INCLUDING_64_BIT)";
				CLANG_CXX_LANGUAGE_STANDARD = "gnu++0x";
				CLANG_CXX_LIBRARY = "libc++";
				CLANG_ENABLE_MODULES = YES;
				CLANG_ENABLE_OBJC_ARC = YES;
				CLANG_WARN_BOOL_CONVERSION = YES;
				CLANG_WARN_CONSTANT_CONVERSION = YES;
				CLANG_WARN_DIRECT_OBJC_ISA_USAGE = YES_ERROR;
				CLANG_WARN_EMPTY_BODY = YES;
				CLANG_WARN_ENUM_CONVERSION = YES;
				CLANG_WARN_INT_CONVERSION = YES;
				CLANG_WARN_OBJC_ROOT_CLASS = YES_ERROR;
				CLANG_WARN__DUPLICATE_METHOD_MATCH = YES;
				"CODE_SIGN_IDENTITY[sdk=iphoneos*]" = "iPhone Developer";
				COPY_PHASE_STRIP = YES;
				ENABLE_NS_ASSERTIONS = NO;
				GCC_C_LANGUAGE_STANDARD = gnu99;
				GCC_WARN_64_TO_32_BIT_CONVERSION = YES;
				GCC_WARN_ABOUT_RETURN_TYPE = YES_ERROR;
				GCC_WARN_UNDECLARED_SELECTOR = YES;
				GCC_WARN_UNINITIALIZED_AUTOS = YES;
				GCC_WARN_UNUSED_FUNCTION = YES;
				GCC_WARN_UNUSED_VARIABLE = YES;
				IPHONEOS_DEPLOYMENT_TARGET = 7.0;
				SDKROOT = iphoneos;
				VALIDATE_PRODUCT = YES;
			};
			name = Release;
		};
		23084FA41838716B00F79501 /* Debug */ = {
			isa = XCBuildConfiguration;
			buildSettings = {
				ASSETCATALOG_COMPILER_APPICON_NAME = AppIcon;
				ASSETCATALOG_COMPILER_LAUNCHIMAGE_NAME = LaunchImage;
				GCC_PRECOMPILE_PREFIX_HEADER = YES;
				GCC_PREFIX_HEADER = "travelphoto/travelphoto-Prefix.pch";
				INFOPLIST_FILE = "travelphoto/travelphoto-Info.plist";
				PRODUCT_NAME = "$(TARGET_NAME)";
				WRAPPER_EXTENSION = app;
			};
			name = Debug;
		};
		23084FA51838716B00F79501 /* Release */ = {
			isa = XCBuildConfiguration;
			buildSettings = {
				ASSETCATALOG_COMPILER_APPICON_NAME = AppIcon;
				ASSETCATALOG_COMPILER_LAUNCHIMAGE_NAME = LaunchImage;
				GCC_PRECOMPILE_PREFIX_HEADER = YES;
				GCC_PREFIX_HEADER = "travelphoto/travelphoto-Prefix.pch";
				INFOPLIST_FILE = "travelphoto/travelphoto-Info.plist";
				PRODUCT_NAME = "$(TARGET_NAME)";
				WRAPPER_EXTENSION = app;
			};
			name = Release;
		};
		23084FA71838716B00F79501 /* Debug */ = {
			isa = XCBuildConfiguration;
			buildSettings = {
				ARCHS = "$(ARCHS_STANDARD_INCLUDING_64_BIT)";
				BUNDLE_LOADER = "$(BUILT_PRODUCTS_DIR)/travelphoto.app/travelphoto";
				FRAMEWORK_SEARCH_PATHS = (
					"$(SDKROOT)/Developer/Library/Frameworks",
					"$(inherited)",
					"$(DEVELOPER_FRAMEWORKS_DIR)",
				);
				GCC_PRECOMPILE_PREFIX_HEADER = YES;
				GCC_PREFIX_HEADER = "travelphoto/travelphoto-Prefix.pch";
				GCC_PREPROCESSOR_DEFINITIONS = (
					"DEBUG=1",
					"$(inherited)",
				);
				INFOPLIST_FILE = "travelphotoTests/travelphotoTests-Info.plist";
				PRODUCT_NAME = "$(TARGET_NAME)";
				TEST_HOST = "$(BUNDLE_LOADER)";
				WRAPPER_EXTENSION = xctest;
			};
			name = Debug;
		};
		23084FA81838716B00F79501 /* Release */ = {
			isa = XCBuildConfiguration;
			buildSettings = {
				ARCHS = "$(ARCHS_STANDARD_INCLUDING_64_BIT)";
				BUNDLE_LOADER = "$(BUILT_PRODUCTS_DIR)/travelphoto.app/travelphoto";
				FRAMEWORK_SEARCH_PATHS = (
					"$(SDKROOT)/Developer/Library/Frameworks",
					"$(inherited)",
					"$(DEVELOPER_FRAMEWORKS_DIR)",
				);
				GCC_PRECOMPILE_PREFIX_HEADER = YES;
				GCC_PREFIX_HEADER = "travelphoto/travelphoto-Prefix.pch";
				INFOPLIST_FILE = "travelphotoTests/travelphotoTests-Info.plist";
				PRODUCT_NAME = "$(TARGET_NAME)";
				TEST_HOST = "$(BUNDLE_LOADER)";
				WRAPPER_EXTENSION = xctest;
			};
			name = Release;
		};
/* End XCBuildConfiguration section */

/* Begin XCConfigurationList section */
		23084F6C1838716B00F79501 /* Build configuration list for PBXProject "travelphoto" */ = {
			isa = XCConfigurationList;
			buildConfigurations = (
				23084FA11838716B00F79501 /* Debug */,
				23084FA21838716B00F79501 /* Release */,
			);
			defaultConfigurationIsVisible = 0;
			defaultConfigurationName = Release;
		};
		23084FA31838716B00F79501 /* Build configuration list for PBXNativeTarget "travelphoto" */ = {
			isa = XCConfigurationList;
			buildConfigurations = (
				23084FA41838716B00F79501 /* Debug */,
				23084FA51838716B00F79501 /* Release */,
			);
			defaultConfigurationIsVisible = 0;
		};
		23084FA61838716B00F79501 /* Build configuration list for PBXNativeTarget "travelphotoTests" */ = {
			isa = XCConfigurationList;
			buildConfigurations = (
				23084FA71838716B00F79501 /* Debug */,
				23084FA81838716B00F79501 /* Release */,
			);
			defaultConfigurationIsVisible = 0;
		};
/* End XCConfigurationList section */

/* Begin XCVersionGroup section */
		23084F881838716B00F79501 /* travelphoto.xcdatamodeld */ = {
			isa = XCVersionGroup;
			children = (
				23084F891838716B00F79501 /* travelphoto.xcdatamodel */,
			);
			currentVersion = 23084F891838716B00F79501 /* travelphoto.xcdatamodel */;
			path = travelphoto.xcdatamodeld;
			sourceTree = "<group>";
			versionGroupType = wrapper.xcdatamodel;
		};
/* End XCVersionGroup section */
	};
	rootObject = 23084F691838716B00F79501 /* Project object */;
}
