PODS:
  - AFNetworking (1.3.1)
  - AQGridView (1.3)
  - BlocksKit (1.8.3):
    - libffi
  - DCIntrospect (0.0.2)
  - ELCImagePickerController (0.1.3)
  - GHUnitIOS (0.5.8)
  - JASidePanels (1.3.2)
  - libffi (3.0.13)
  - LUKeychainAccess (1.2.0)
  - MagicalRecord (2.2)
  - NoticeView (3.0.7)
  - OCCalendar (0.0.3)
  - QuickDialog (0.9)
  - Reachability (3.1.1)
  - SDWebImage (3.5):
    - SDWebImage/Core
  - SDWebImage/Core (3.5)
  - SVProgressHUD (1.0)
  - Underscore.m (0.2.1)

DEPENDENCIES:
  - AFNetworking (= 1.3.1)
  - AQGridView
  - BlocksKit
  - DCIntrospect
  - ELCImagePickerController (= 0.1.3)
  - GHUnitIOS
  - JASidePanels
  - JASidePanels (~> 1.3.2)
  - LUKeychainAccess
  - MagicalRecord
  - NoticeView
  - OCCalendar
  - QuickDialog
  - Reachability
  - SDWebImage
  - SVProgressHUD
  - Underscore.m

SPEC CHECKSUMS:
  AFNetworking: 9ec8aafb9269236a7630bd8d9838ce2ba30fa2a0
  AQGridView: ee436c64bc4a972ca7f3ce99971c0204af9e65ea
  BlocksKit: 27257f9cbbec0ea98c80ba83cc2ea7111ae62eb2
  DCIntrospect: 2f5cab0b58b170459ebcb200f59042306fcb0c0d
  ELCImagePickerController: a08c8da3c8242d8a70b9fa1f7db358471429a90d
  GHUnitIOS: 23167e22b8abe162d71f86bd4bda7550e53414cb
  JASidePanels: c0e642a7311ec9cc9adfa616fa4a795e4e169f20
  libffi: 64ef39353e747bb2b25e1026afd96a157bf9231c
  LUKeychainAccess: 87c5398528278a5f24956b61bb459ea97bd93b6a
  MagicalRecord: b1fc46c99a9749fe7fe7e6f43a89b62ef5201933
  NoticeView: f885ce90b53dacce3b19f2d5e95c6db68fe4e45d
  OCCalendar: 008313dd9d19feeb22f5fe503a8e08963db3ae7c
  QuickDialog: aea6a7b1a235ba0439065a45e5b124a8422f4e2c
  Reachability: be4883bb93f31e38266ae3365e5600a317aae735
  SDWebImage: f1a72472f8a2d54445f1fedafe2090593d9caf7f
  SVProgressHUD: 5e10939a296debf5fe5a5895eda9539b8b2114f1
  Underscore.m: 593ea54a19d3cc4439387a83d36eb7ba6ffd1707

COCOAPODS: 0.28.0
